
Microsoft Visual Studio Solution File, Format Version 12.00
# Visual Studio 2013
Project("{FAE04EC0-301F-11D3-BF4B-00C04F79EFBC}") = "UnityVS.C4.CSharp", "UnityVS.C4.CSharp.csproj", "{83B81B8C-C1FD-4157-BDFD-49A20C2102F4}"
EndProject
Global
	GlobalSection(SolutionConfigurationPlatforms) = preSolution
		Debug|Any CPU = Debug|Any CPU
		Release|Any CPU = Release|Any CPU
	EndGlobalSection
	GlobalSection(ProjectConfigurationPlatforms) = postSolution
		{83B81B8C-C1FD-4157-BDFD-49A20C2102F4}.Debug|Any CPU.ActiveCfg = Debug|Any CPU
		{83B81B8C-C1FD-4157-BDFD-49A20C2102F4}.Debug|Any CPU.Build.0 = Debug|Any CPU
		{83B81B8C-C1FD-4157-BDFD-49A20C2102F4}.Release|Any CPU.ActiveCfg = Release|Any CPU
		{83B81B8C-C1FD-4157-BDFD-49A20C2102F4}.Release|Any CPU.Build.0 = Release|Any CPU
	EndGlobalSection
	GlobalSection(SolutionProperties) = preSolution
		HideSolutionNode = FALSE
	EndGlobalSection
EndGlobal
